{
  "name": "rose-by-any-name-ui",
  "lockfileVersion": 3,
  "requires": true,
  "packages": {
    "": {
      "name": "rose-by-any-name-ui",
      "dependencies": {
        "uikit": "^3.0.0"
      }
    },
    "node_modules/uikit": {
      "version": "3.25.13",
      "resolved": "https://registry.npmjs.org/uikit/-/uikit-3.25.13.tgz",
      "integrity": "sha512-p7jCY7+FS0xs1McvU+5pV6Z/hNxsLmE92VD/JytIAZ3qMVTy/39mSCJx4YI6KuxcsL+bX2O3YV4JGlCLxgXSKA==",
      "license": "MIT"
    }
  }
}
